// !$*UTF8*$!
{
	archiveVersion = 1;
	classes = {
	};
	objectVersion = 48;
	objects = {

/* Begin PBXBuildFile section */
		D234EB66203D2F41004DEA85 /* AppDelegate.swift in Sources */ = {isa = PBXBuildFile; fileRef = D234EB65203D2F41004DEA85 /* AppDelegate.swift */; };
		D234EB68203D2F41004DEA85 /* GoalVC.swift in Sources */ = {isa = PBXBuildFile; fileRef = D234EB67203D2F41004DEA85 /* GoalVC.swift */; };
		D234EB6B203D2F41004DEA85 /* Main.storyboard in Resources */ = {isa = PBXBuildFile; fileRef = D234EB69203D2F41004DEA85 /* Main.storyboard */; };
		D234EB6E203D2F41004DEA85 /* yourgoal_app.xcdatamodeld in Sources */ = {isa = PBXBuildFile; fileRef = D234EB6C203D2F41004DEA85 /* yourgoal_app.xcdatamodeld */; };
		D234EB70203D2F41004DEA85 /* Assets.xcassets in Resources */ = {isa = PBXBuildFile; fileRef = D234EB6F203D2F41004DEA85 /* Assets.xcassets */; };
		D234EB73203D2F41004DEA85 /* LaunchScreen.storyboard in Resources */ = {isa = PBXBuildFile; fileRef = D234EB71203D2F41004DEA85 /* LaunchScreen.storyboard */; };
		D234EB7F203D58BA004DEA85 /* GoalCell.swift in Sources */ = {isa = PBXBuildFile; fileRef = D234EB7E203D58BA004DEA85 /* GoalCell.swift */; };
		D234EB82203D5DBE004DEA85 /* GoalType.swift in Sources */ = {isa = PBXBuildFile; fileRef = D234EB81203D5DBE004DEA85 /* GoalType.swift */; };
		D25E4AFA203E7C0D00EB263B /* CreateGoalVC.swift in Sources */ = {isa = PBXBuildFile; fileRef = D25E4AF9203E7C0D00EB263B /* CreateGoalVC.swift */; };
		D25E4AFD203E7E9500EB263B /* UIVewControllerExt.swift in Sources */ = {isa = PBXBuildFile; fileRef = D25E4AFC203E7E9500EB263B /* UIVewControllerExt.swift */; };
		D25E4AFF203E832600EB263B /* UIViewExt.swift in Sources */ = {isa = PBXBuildFile; fileRef = D25E4AFE203E832600EB263B /* UIViewExt.swift */; };
		D25E4B01203E867800EB263B /* UIButtonExt.swift in Sources */ = {isa = PBXBuildFile; fileRef = D25E4B00203E867800EB263B /* UIButtonExt.swift */; };
		D25E4B03203E913C00EB263B /* KeyboardLayoutConstraint.swift in Sources */ = {isa = PBXBuildFile; fileRef = D25E4B02203E913C00EB263B /* KeyboardLayoutConstraint.swift */; };
		D25E4B05203E971600EB263B /* FinishGoalVC.swift in Sources */ = {isa = PBXBuildFile; fileRef = D25E4B04203E971600EB263B /* FinishGoalVC.swift */; };
/* End PBXBuildFile section */

/* Begin PBXFileReference section */
		D234EB62203D2F41004DEA85 /* yourgoal-app.app */ = {isa = PBXFileReference; explicitFileType = wrapper.application; includeInIndex = 0; path = "yourgoal-app.app"; sourceTree = BUILT_PRODUCTS_DIR; };
		D234EB65203D2F41004DEA85 /* AppDelegate.swift */ = {isa = PBXFileReference; lastKnownFileType = sourcecode.swift; path = AppDelegate.swift; sourceTree = "<group>"; };
		D234EB67203D2F41004DEA85 /* GoalVC.swift */ = {isa = PBXFileReference; lastKnownFileType = sourcecode.swift; path = GoalVC.swift; sourceTree = "<group>"; };
		D234EB6A203D2F41004DEA85 /* Base */ = {isa = PBXFileReference; lastKnownFileType = file.storyboard; name = Base; path = Base.lproj/Main.storyboard; sourceTree = "<group>"; };
		D234EB6D203D2F41004DEA85 /* yourgoal_app.xcdatamodel */ = {isa = PBXFileReference; lastKnownFileType = wrapper.xcdatamodel; path = yourgoal_app.xcdatamodel; sourceTree = "<group>"; };
		D234EB6F203D2F41004DEA85 /* Assets.xcassets */ = {isa = PBXFileReference; lastKnownFileType = folder.assetcatalog; path = Assets.xcassets; sourceTree = "<group>"; };
		D234EB72203D2F41004DEA85 /* Base */ = {isa = PBXFileReference; lastKnownFileType = file.storyboard; name = Base; path = Base.lproj/LaunchScreen.storyboard; sourceTree = "<group>"; };
		D234EB74203D2F41004DEA85 /* Info.plist */ = {isa = PBXFileReference; lastKnownFileType = text.plist.xml; path = Info.plist; sourceTree = "<group>"; };
		D234EB7E203D58BA004DEA85 /* GoalCell.swift */ = {isa = PBXFileReference; lastKnownFileType = sourcecode.swift; path = GoalCell.swift; sourceTree = "<group>"; };
		D234EB81203D5DBE004DEA85 /* GoalType.swift */ = {isa = PBXFileReference; lastKnownFileType = sourcecode.swift; path = GoalType.swift; sourceTree = "<group>"; };
		D25E4AF9203E7C0D00EB263B /* CreateGoalVC.swift */ = {isa = PBXFileReference; lastKnownFileType = sourcecode.swift; path = CreateGoalVC.swift; sourceTree = "<group>"; };
		D25E4AFC203E7E9500EB263B /* UIVewControllerExt.swift */ = {isa = PBXFileReference; lastKnownFileType = sourcecode.swift; path = UIVewControllerExt.swift; sourceTree = "<group>"; };
		D25E4AFE203E832600EB263B /* UIViewExt.swift */ = {isa = PBXFileReference; lastKnownFileType = sourcecode.swift; path = UIViewExt.swift; sourceTree = "<group>"; };
		D25E4B00203E867800EB263B /* UIButtonExt.swift */ = {isa = PBXFileReference; lastKnownFileType = sourcecode.swift; path = UIButtonExt.swift; sourceTree = "<group>"; };
		D25E4B02203E913C00EB263B /* KeyboardLayoutConstraint.swift */ = {isa = PBXFileReference; fileEncoding = 4; lastKnownFileType = sourcecode.swift; path = KeyboardLayoutConstraint.swift; sourceTree = "<group>"; };
		D25E4B04203E971600EB263B /* FinishGoalVC.swift */ = {isa = PBXFileReference; lastKnownFileType = sourcecode.swift; path = FinishGoalVC.swift; sourceTree = "<group>"; };
/* End PBXFileReference section */

/* Begin PBXFrameworksBuildPhase section */
		D234EB5F203D2F41004DEA85 /* Frameworks */ = {
			isa = PBXFrameworksBuildPhase;
			buildActionMask = 2147483647;
			files = (
			);
			runOnlyForDeploymentPostprocessing = 0;
		};
/* End PBXFrameworksBuildPhase section */

/* Begin PBXGroup section */
		D234EB59203D2F41004DEA85 = {
			isa = PBXGroup;
			children = (
				D234EB64203D2F41004DEA85 /* yourgoal-app */,
				D234EB63203D2F41004DEA85 /* Products */,
			);
			sourceTree = "<group>";
		};
		D234EB63203D2F41004DEA85 /* Products */ = {
			isa = PBXGroup;
			children = (
				D234EB62203D2F41004DEA85 /* yourgoal-app.app */,
			);
			name = Products;
			sourceTree = "<group>";
		};
		D234EB64203D2F41004DEA85 /* yourgoal-app */ = {
			isa = PBXGroup;
			children = (
				D25E4AFB203E7E6500EB263B /* Extension */,
				D234EB80203D5DA7004DEA85 /* Enum */,
				D234EB7B203D4B55004DEA85 /* View */,
				D234EB7A203D2FD3004DEA85 /* Controller */,
				D234EB65203D2F41004DEA85 /* AppDelegate.swift */,
				D234EB69203D2F41004DEA85 /* Main.storyboard */,
				D234EB6F203D2F41004DEA85 /* Assets.xcassets */,
				D234EB71203D2F41004DEA85 /* LaunchScreen.storyboard */,
				D234EB74203D2F41004DEA85 /* Info.plist */,
				D234EB6C203D2F41004DEA85 /* yourgoal_app.xcdatamodeld */,
			);
			path = "yourgoal-app";
			sourceTree = "<group>";
		};
		D234EB7A203D2FD3004DEA85 /* Controller */ = {
			isa = PBXGroup;
			children = (
				D234EB67203D2F41004DEA85 /* GoalVC.swift */,
				D25E4AF9203E7C0D00EB263B /* CreateGoalVC.swift */,
				D25E4B04203E971600EB263B /* FinishGoalVC.swift */,
			);
			path = Controller;
			sourceTree = "<group>";
		};
		D234EB7B203D4B55004DEA85 /* View */ = {
			isa = PBXGroup;
			children = (
				D234EB7E203D58BA004DEA85 /* GoalCell.swift */,
			);
			path = View;
			sourceTree = "<group>";
		};
		D234EB80203D5DA7004DEA85 /* Enum */ = {
			isa = PBXGroup;
			children = (
				D234EB81203D5DBE004DEA85 /* GoalType.swift */,
			);
			path = Enum;
			sourceTree = "<group>";
		};
		D25E4AFB203E7E6500EB263B /* Extension */ = {
			isa = PBXGroup;
			children = (
				D25E4AFC203E7E9500EB263B /* UIVewControllerExt.swift */,
				D25E4AFE203E832600EB263B /* UIViewExt.swift */,
				D25E4B00203E867800EB263B /* UIButtonExt.swift */,
				D25E4B02203E913C00EB263B /* KeyboardLayoutConstraint.swift */,
			);
			path = Extension;
			sourceTree = "<group>";
		};
/* End PBXGroup section */

/* Begin PBXNativeTarget section */
		D234EB61203D2F41004DEA85 /* yourgoal-app */ = {
			isa = PBXNativeTarget;
			buildConfigurationList = D234EB77203D2F41004DEA85 /* Build configuration list for PBXNativeTarget "yourgoal-app" */;
			buildPhases = (
				D234EB5E203D2F41004DEA85 /* Sources */,
				D234EB5F203D2F41004DEA85 /* Frameworks */,
				D234EB60203D2F41004DEA85 /* Resources */,
			);
			buildRules = (
			);
			dependencies = (
			);
			name = "yourgoal-app";
			productName = "yourgoal-app";
			productReference = D234EB62203D2F41004DEA85 /* yourgoal-app.app */;
			productType = "com.apple.product-type.application";
		};
/* End PBXNativeTarget section */

/* Begin PBXProject section */
		D234EB5A203D2F41004DEA85 /* Project object */ = {
			isa = PBXProject;
			attributes = {
				LastSwiftUpdateCheck = 0920;
				LastUpgradeCheck = 0920;
				ORGANIZATIONNAME = "Satyia Anand";
				TargetAttributes = {
					D234EB61203D2F41004DEA85 = {
						CreatedOnToolsVersion = 9.2;
						ProvisioningStyle = Automatic;
					};
				};
			};
			buildConfigurationList = D234EB5D203D2F41004DEA85 /* Build configuration list for PBXProject "yourgoal-app" */;
			compatibilityVersion = "Xcode 8.0";
			developmentRegion = en;
			hasScannedForEncodings = 0;
			knownRegions = (
				en,
				Base,
			);
			mainGroup = D234EB59203D2F41004DEA85;
			productRefGroup = D234EB63203D2F41004DEA85 /* Products */;
			projectDirPath = "";
			projectRoot = "";
			targets = (
				D234EB61203D2F41004DEA85 /* yourgoal-app */,
			);
		};
/* End PBXProject section */

/* Begin PBXResourcesBuildPhase section */
		D234EB60203D2F41004DEA85 /* Resources */ = {
			isa = PBXResourcesBuildPhase;
			buildActionMask = 2147483647;
			files = (
				D234EB73203D2F41004DEA85 /* LaunchScreen.storyboard in Resources */,
				D234EB70203D2F41004DEA85 /* Assets.xcassets in Resources */,
				D234EB6B203D2F41004DEA85 /* Main.storyboard in Resources */,
			);
			runOnlyForDeploymentPostprocessing = 0;
		};
/* End PBXResourcesBuildPhase section */

/* Begin PBXSourcesBuildPhase section */
		D234EB5E203D2F41004DEA85 /* Sources */ = {
			isa = PBXSourcesBuildPhase;
			buildActionMask = 2147483647;
			files = (
				D234EB7F203D58BA004DEA85 /* GoalCell.swift in Sources */,
				D25E4AFA203E7C0D00EB263B /* CreateGoalVC.swift in Sources */,
				D234EB82203D5DBE004DEA85 /* GoalType.swift in Sources */,
				D25E4B03203E913C00EB263B /* KeyboardLayoutConstraint.swift in Sources */,
				D25E4AFD203E7E9500EB263B /* UIVewControllerExt.swift in Sources */,
				D25E4B05203E971600EB263B /* FinishGoalVC.swift in Sources */,
				D25E4AFF203E832600EB263B /* UIViewExt.swift in Sources */,
				D234EB68203D2F41004DEA85 /* GoalVC.swift in Sources */,
				D234EB6E203D2F41004DEA85 /* yourgoal_app.xcdatamodeld in Sources */,
				D25E4B01203E867800EB263B /* UIButtonExt.swift in Sources */,
				D234EB66203D2F41004DEA85 /* AppDelegate.swift in Sources */,
			);
			runOnlyForDeploymentPostprocessing = 0;
		};
/* End PBXSourcesBuildPhase section */

/* Begin PBXVariantGroup section */
		D234EB69203D2F41004DEA85 /* Main.storyboard */ = {
			isa = PBXVariantGroup;
			children = (
				D234EB6A203D2F41004DEA85 /* Base */,
			);
			name = Main.storyboard;
			sourceTree = "<group>";
		};
		D234EB71203D2F41004DEA85 /* LaunchScreen.storyboard */ = {
			isa = PBXVariantGroup;
			children = (
				D234EB72203D2F41004DEA85 /* Base */,
			);
			name = LaunchScreen.storyboard;
			sourceTree = "<group>";
		};
/* End PBXVariantGroup section */

/* Begin XCBuildConfiguration section */
		D234EB75203D2F41004DEA85 /* Debug */ = {
			isa = XCBuildConfiguration;
			buildSettings = {
				ALWAYS_SEARCH_USER_PATHS = NO;
				CLANG_ANALYZER_NONNULL = YES;
				CLANG_ANALYZER_NUMBER_OBJECT_CONVERSION = YES_AGGRESSIVE;
				CLANG_CXX_LANGUAGE_STANDARD = "gnu++14";
				CLANG_CXX_LIBRARY = "libc++";
				CLANG_ENABLE_MODULES = YES;
				CLANG_ENABLE_OBJC_ARC = YES;
				CLANG_WARN_BLOCK_CAPTURE_AUTORELEASING = YES;
				CLANG_WARN_BOOL_CONVERSION = YES;
				CLANG_WARN_COMMA = YES;
				CLANG_WARN_CONSTANT_CONVERSION = YES;
				CLANG_WARN_DIRECT_OBJC_ISA_USAGE = YES_ERROR;
				CLANG_WARN_DOCUMENTATION_COMMENTS = YES;
				CLANG_WARN_EMPTY_BODY = YES;
				CLANG_WARN_ENUM_CONVERSION = YES;
				CLANG_WARN_INFINITE_RECURSION = YES;
				CLANG_WARN_INT_CONVERSION = YES;
				CLANG_WARN_NON_LITERAL_NULL_CONVERSION = YES;
				CLANG_WARN_OBJC_LITERAL_CONVERSION = YES;
				CLANG_WARN_OBJC_ROOT_CLASS = YES_ERROR;
				CLANG_WARN_RANGE_LOOP_ANALYSIS = YES;
				CLANG_WARN_STRICT_PROTOTYPES = YES;
				CLANG_WARN_SUSPICIOUS_MOVE = YES;
				CLANG_WARN_UNGUARDED_AVAILABILITY = YES_AGGRESSIVE;
				CLANG_WARN_UNREACHABLE_CODE = YES;
				CLANG_WARN__DUPLICATE_METHOD_MATCH = YES;
				CODE_SIGN_IDENTITY = "iPhone Developer";
				COPY_PHASE_STRIP = NO;
				DEBUG_INFORMATION_FORMAT = dwarf;
				ENABLE_STRICT_OBJC_MSGSEND = YES;
				ENABLE_TESTABILITY = YES;
				GCC_C_LANGUAGE_STANDARD = gnu11;
				GCC_DYNAMIC_NO_PIC = NO;
				GCC_NO_COMMON_BLOCKS = YES;
				GCC_OPTIMIZATION_LEVEL = 0;
				GCC_PREPROCESSOR_DEFINITIONS = (
					"DEBUG=1",
					"$(inherited)",
				);
				GCC_WARN_64_TO_32_BIT_CONVERSION = YES;
				GCC_WARN_ABOUT_RETURN_TYPE = YES_ERROR;
				GCC_WARN_UNDECLARED_SELECTOR = YES;
				GCC_WARN_UNINITIALIZED_AUTOS = YES_AGGRESSIVE;
				GCC_WARN_UNUSED_FUNCTION = YES;
				GCC_WARN_UNUSED_VARIABLE = YES;
				IPHONEOS_DEPLOYMENT_TARGET = 11.2;
				MTL_ENABLE_DEBUG_INFO = YES;
				ONLY_ACTIVE_ARCH = YES;
				SDKROOT = iphoneos;
				SWIFT_ACTIVE_COMPILATION_CONDITIONS = DEBUG;
				SWIFT_OPTIMIZATION_LEVEL = "-Onone";
			};
			name = Debug;
		};
		D234EB76203D2F41004DEA85 /* Release */ = {
			isa = XCBuildConfiguration;
			buildSettings = {
				ALWAYS_SEARCH_USER_PATHS = NO;
				CLANG_ANALYZER_NONNULL = YES;
				CLANG_ANALYZER_NUMBER_OBJECT_CONVERSION = YES_AGGRESSIVE;
				CLANG_CXX_LANGUAGE_STANDARD = "gnu++14";
				CLANG_CXX_LIBRARY = "libc++";
				CLANG_ENABLE_MODULES = YES;
				CLANG_ENABLE_OBJC_ARC = YES;
				CLANG_WARN_BLOCK_CAPTURE_AUTORELEASING = YES;
				CLANG_WARN_BOOL_CONVERSION = YES;
				CLANG_WARN_COMMA = YES;
				CLANG_WARN_CONSTANT_CONVERSION = YES;
				CLANG_WARN_DIRECT_OBJC_ISA_USAGE = YES_ERROR;
				CLANG_WARN_DOCUMENTATION_COMMENTS = YES;
				CLANG_WARN_EMPTY_BODY = YES;
				CLANG_WARN_ENUM_CONVERSION = YES;
				CLANG_WARN_INFINITE_RECURSION = YES;
				CLANG_WARN_INT_CONVERSION = YES;
				CLANG_WARN_NON_LITERAL_NULL_CONVERSION = YES;
				CLANG_WARN_OBJC_LITERAL_CONVERSION = YES;
				CLANG_WARN_OBJC_ROOT_CLASS = YES_ERROR;
				CLANG_WARN_RANGE_LOOP_ANALYSIS = YES;
				CLANG_WARN_STRICT_PROTOTYPES = YES;
				CLANG_WARN_SUSPICIOUS_MOVE = YES;
				CLANG_WARN_UNGUARDED_AVAILABILITY = YES_AGGRESSIVE;
				CLANG_WARN_UNREACHABLE_CODE = YES;
				CLANG_WARN__DUPLICATE_METHOD_MATCH = YES;
				CODE_SIGN_IDENTITY = "iPhone Developer";
				COPY_PHASE_STRIP = NO;
				DEBUG_INFORMATION_FORMAT = "dwarf-with-dsym";
				ENABLE_NS_ASSERTIONS = NO;
				ENABLE_STRICT_OBJC_MSGSEND = YES;
				GCC_C_LANGUAGE_STANDARD = gnu11;
				GCC_NO_COMMON_BLOCKS = YES;
				GCC_WARN_64_TO_32_BIT_CONVERSION = YES;
				GCC_WARN_ABOUT_RETURN_TYPE = YES_ERROR;
				GCC_WARN_UNDECLARED_SELECTOR = YES;
				GCC_WARN_UNINITIALIZED_AUTOS = YES_AGGRESSIVE;
				GCC_WARN_UNUSED_FUNCTION = YES;
				GCC_WARN_UNUSED_VARIABLE = YES;
				IPHONEOS_DEPLOYMENT_TARGET = 11.2;
				MTL_ENABLE_DEBUG_INFO = NO;
				SDKROOT = iphoneos;
				SWIFT_OPTIMIZATION_LEVEL = "-Owholemodule";
				VALIDATE_PRODUCT = YES;
			};
			name = Release;
		};
		D234EB78203D2F41004DEA85 /* Debug */ = {
			isa = XCBuildConfiguration;
			buildSettings = {
				ASSETCATALOG_COMPILER_APPICON_NAME = AppIcon;
				CODE_SIGN_STYLE = Automatic;
				INFOPLIST_FILE = "yourgoal-app/Info.plist";
				LD_RUNPATH_SEARCH_PATHS = "$(inherited) @executable_path/Frameworks";
				PRODUCT_BUNDLE_IDENTIFIER = "strydhr.com.yourgoal-app";
				PRODUCT_NAME = "$(TARGET_NAME)";
				SWIFT_VERSION = 4.0;
				TARGETED_DEVICE_FAMILY = "1,2";
			};
			name = Debug;
		};
		D234EB79203D2F41004DEA85 /* Release */ = {
			isa = XCBuildConfiguration;
			buildSettings = {
				ASSETCATALOG_COMPILER_APPICON_NAME = AppIcon;
				CODE_SIGN_STYLE = Automatic;
				INFOPLIST_FILE = "yourgoal-app/Info.plist";
				LD_RUNPATH_SEARCH_PATHS = "$(inherited) @executable_path/Frameworks";
				PRODUCT_BUNDLE_IDENTIFIER = "strydhr.com.yourgoal-app";
				PRODUCT_NAME = "$(TARGET_NAME)";
				SWIFT_VERSION = 4.0;
				TARGETED_DEVICE_FAMILY = "1,2";
			};
			name = Release;
		};
/* End XCBuildConfiguration section */

/* Begin XCConfigurationList section */
		D234EB5D203D2F41004DEA85 /* Build configuration list for PBXProject "yourgoal-app" */ = {
			isa = XCConfigurationList;
			buildConfigurations = (
				D234EB75203D2F41004DEA85 /* Debug */,
				D234EB76203D2F41004DEA85 /* Release */,
			);
			defaultConfigurationIsVisible = 0;
			defaultConfigurationName = Release;
		};
		D234EB77203D2F41004DEA85 /* Build configuration list for PBXNativeTarget "yourgoal-app" */ = {
			isa = XCConfigurationList;
			buildConfigurations = (
				D234EB78203D2F41004DEA85 /* Debug */,
				D234EB79203D2F41004DEA85 /* Release */,
			);
			defaultConfigurationIsVisible = 0;
			defaultConfigurationName = Release;
		};
/* End XCConfigurationList section */

/* Begin XCVersionGroup section */
		D234EB6C203D2F41004DEA85 /* yourgoal_app.xcdatamodeld */ = {
			isa = XCVersionGroup;
			children = (
				D234EB6D203D2F41004DEA85 /* yourgoal_app.xcdatamodel */,
			);
			currentVersion = D234EB6D203D2F41004DEA85 /* yourgoal_app.xcdatamodel */;
			path = yourgoal_app.xcdatamodeld;
			sourceTree = "<group>";
			versionGroupType = wrapper.xcdatamodel;
		};
/* End XCVersionGroup section */
	};
	rootObject = D234EB5A203D2F41004DEA85 /* Project object */;
}
